# THIS IS AN AUTOGENERATED FILE. DO NOT EDIT THIS FILE DIRECTLY.
# yarn lockfile v1


object-assign@^2.0.0:
  version "2.1.1"
  resolved "https://registry.yarnpkg.com/object-assign/-/object-assign-2.1.1.tgz#43c36e5d569ff8e4816c4efa8be02d26967c18aa"

qs@~3.1.0:
  version "3.1.0"
  resolved "https://registry.yarnpkg.com/qs/-/qs-3.1.0.tgz#d0e9ae745233a12dc43fb4f3055bba446261153c"

stompit@^0.25.0:
  version "0.25.0"
  resolved "https://registry.yarnpkg.com/stompit/-/stompit-0.25.0.tgz#dbb2fce4908f8fd130ea87f6bcd573deb8f2c77d"
  dependencies:
    object-assign "^2.0.0"
    qs "~3.1.0"
